{
  "nodes": {
    "flake-utils": {
      "locked": {
        "lastModified": 1631561581,
        "narHash": "sha256-3VQMV5zvxaVLvqqUrNz3iJelLw30mIVSfZmAaauM3dA=",
        "owner": "numtide",
        "repo": "flake-utils",
        "rev": "7e5bf3925f6fbdfaf50a2a7ca0be2879c4261d19",
        "type": "github"
      },
      "original": {
        "owner": "numtide",
        "repo": "flake-utils",
        "type": "github"
      }
    },
    "flake-utils_2": {
      "locked": {
        "lastModified": 1631561581,
        "narHash": "sha256-3VQMV5zvxaVLvqqUrNz3iJelLw30mIVSfZmAaauM3dA=",
        "owner": "numtide",
        "repo": "flake-utils",
        "rev": "7e5bf3925f6fbdfaf50a2a7ca0be2879c4261d19",
        "type": "github"
      },
      "original": {
        "owner": "numtide",
        "repo": "flake-utils",
        "type": "github"
      }
    },
    "nixpkgs": {
      "locked": {
        "lastModified": 1634491986,
        "narHash": "sha256-+yEdRkXA7lA/mqO86K0SB8ctzffPS3icdX/wN0XY6gA=",
        "owner": "nixos",
        "repo": "nixpkgs",
        "rev": "249d3f306ab433e39302273f19f53e4cd7abe2cb",
        "type": "github"
      },
      "original": {
        "owner": "nixos",
        "repo": "nixpkgs",
        "type": "github"
      }
    },
    "nixpkgs_2": {
      "locked": {
        "lastModified": 1633460216,
        "narHash": "sha256-j9mRV/OFd2LW5lxkCAppp7YxmHnYfSarjkRXEMTlyks=",
        "owner": "nixos",
        "repo": "nixpkgs",
        "rev": "d05d3218856d1498b47ad325a408be36f9e26e69",
        "type": "github"
      },
      "original": {
        "owner": "nixos",
        "repo": "nixpkgs",
        "type": "github"
      }
    },
    "root": {
      "inputs": {
        "flake-utils": "flake-utils",
        "nixpkgs": "nixpkgs",
        "terranix": "terranix"
      }
    },
    "terranix": {
      "inputs": {
        "flake-utils": "flake-utils_2",
        "nixpkgs": "nixpkgs_2",
        "terranix-examples": "terranix-examples"
      },
      "locked": {
        "lastModified": 1633870896,
        "narHash": "sha256-3N4a5VhZqIgJW11w8oJKJ9T8mhfwEM33kEwV/zZkCs8=",
        "owner": "terranix",
        "repo": "terranix",
        "rev": "246aac5ab11cbd97b5bfbc7047e07c8fc0c78b90",
        "type": "github"
      },
      "original": {
        "owner": "terranix",
        "repo": "terranix",
        "type": "github"
      }
    },
    "terranix-examples": {
      "locked": {
        "lastModified": 1633460746,
        "narHash": "sha256-4xvhK7DzFX2BA6aafcOsWZmuhzQYRtHcLqel1VEXv6s=",
        "owner": "terranix",
        "repo": "terranix-examples",
        "rev": "c6f88d372750c28ff0bf49e1360efda904d12da0",
        "type": "github"
      },
      "original": {
        "owner": "terranix",
        "repo": "terranix-examples",
        "type": "github"
      }
    }
  },
  "root": "root",
  "version": 7
}
